
Microsoft Visual Studio Solution File, Format Version 12.00
# Visual Studio Version 16
VisualStudioVersion = 16.0.30907.101
MinimumVisualStudioVersion = 10.0.40219.1
Project("{FAE04EC0-301F-11D3-BF4B-00C04F79EFBC}") = "UserManagement_usingJwt", "UserManagement_usingJwt.csproj", "{D05FCB2F-5E7A-447A-B2FD-B5A693666327}"
EndProject
Global
	GlobalSection(SolutionConfigurationPlatforms) = preSolution
		Debug|Any CPU = Debug|Any CPU
		Release|Any CPU = Release|Any CPU
	EndGlobalSection
	GlobalSection(ProjectConfigurationPlatforms) = postSolution
		{D05FCB2F-5E7A-447A-B2FD-B5A693666327}.Debug|Any CPU.ActiveCfg = Debug|Any CPU
		{D05FCB2F-5E7A-447A-B2FD-B5A693666327}.Debug|Any CPU.Build.0 = Debug|Any CPU
		{D05FCB2F-5E7A-447A-B2FD-B5A693666327}.Release|Any CPU.ActiveCfg = Release|Any CPU
		{D05FCB2F-5E7A-447A-B2FD-B5A693666327}.Release|Any CPU.Build.0 = Release|Any CPU
	EndGlobalSection
	GlobalSection(SolutionProperties) = preSolution
		HideSolutionNode = FALSE
	EndGlobalSection
	GlobalSection(ExtensibilityGlobals) = postSolution
		SolutionGuid = {E90DA8F1-FFF3-40E7-9835-5031594A37B7}
	EndGlobalSection
EndGlobal
